
Microsoft Visual Studio Solution File, Format Version 12.00
# Visual Studio Version 17
VisualStudioVersion = 17.3.32929.385
MinimumVisualStudioVersion = 10.0.40219.1
Project("{FAE04EC0-301F-11D3-BF4B-00C04F79EFBC}") = "Practical_4", "Practical_4\Practical_4.csproj", "{DCDC36F6-CCA7-40F2-A330-38BCD658465F}"
EndProject
Global
	GlobalSection(SolutionConfigurationPlatforms) = preSolution
		Debug|Any CPU = Debug|Any CPU
		Release|Any CPU = Release|Any CPU
	EndGlobalSection
	GlobalSection(ProjectConfigurationPlatforms) = postSolution
		{DCDC36F6-CCA7-40F2-A330-38BCD658465F}.Debug|Any CPU.ActiveCfg = Debug|Any CPU
		{DCDC36F6-CCA7-40F2-A330-38BCD658465F}.Debug|Any CPU.Build.0 = Debug|Any CPU
		{DCDC36F6-CCA7-40F2-A330-38BCD658465F}.Release|Any CPU.ActiveCfg = Release|Any CPU
		{DCDC36F6-CCA7-40F2-A330-38BCD658465F}.Release|Any CPU.Build.0 = Release|Any CPU
	EndGlobalSection
	GlobalSection(SolutionProperties) = preSolution
		HideSolutionNode = FALSE
	EndGlobalSection
	GlobalSection(ExtensibilityGlobals) = postSolution
		SolutionGuid = {7F388976-2969-4D13-A6C2-E5579912B594}
	EndGlobalSection
EndGlobal
