
Microsoft Visual Studio Solution File, Format Version 12.00
# Visual Studio Version 17
VisualStudioVersion = 17.3.32929.385
MinimumVisualStudioVersion = 10.0.40219.1
Project("{FAE04EC0-301F-11D3-BF4B-00C04F79EFBC}") = "Practice_2", "Practice_2\Practice_2.csproj", "{71268233-8F93-4600-AD28-7477DB2595B3}"
EndProject
Global
	GlobalSection(SolutionConfigurationPlatforms) = preSolution
		Debug|Any CPU = Debug|Any CPU
		Release|Any CPU = Release|Any CPU
	EndGlobalSection
	GlobalSection(ProjectConfigurationPlatforms) = postSolution
		{71268233-8F93-4600-AD28-7477DB2595B3}.Debug|Any CPU.ActiveCfg = Debug|Any CPU
		{71268233-8F93-4600-AD28-7477DB2595B3}.Debug|Any CPU.Build.0 = Debug|Any CPU
		{71268233-8F93-4600-AD28-7477DB2595B3}.Release|Any CPU.ActiveCfg = Release|Any CPU
		{71268233-8F93-4600-AD28-7477DB2595B3}.Release|Any CPU.Build.0 = Release|Any CPU
	EndGlobalSection
	GlobalSection(SolutionProperties) = preSolution
		HideSolutionNode = FALSE
	EndGlobalSection
	GlobalSection(ExtensibilityGlobals) = postSolution
		SolutionGuid = {A5F8D7CA-0F19-4341-9ECE-822D8F7CD4C2}
	EndGlobalSection
EndGlobal
