
Microsoft Visual Studio Solution File, Format Version 12.00
# Visual Studio Version 17
VisualStudioVersion = 17.3.32929.385
MinimumVisualStudioVersion = 10.0.40219.1
Project("{FAE04EC0-301F-11D3-BF4B-00C04F79EFBC}") = "Practice_7", "Practice_7\Practice_7.csproj", "{3FC5E8A7-C884-447A-BE85-448F558DFE3D}"
EndProject
Global
	GlobalSection(SolutionConfigurationPlatforms) = preSolution
		Debug|Any CPU = Debug|Any CPU
		Release|Any CPU = Release|Any CPU
	EndGlobalSection
	GlobalSection(ProjectConfigurationPlatforms) = postSolution
		{3FC5E8A7-C884-447A-BE85-448F558DFE3D}.Debug|Any CPU.ActiveCfg = Debug|Any CPU
		{3FC5E8A7-C884-447A-BE85-448F558DFE3D}.Debug|Any CPU.Build.0 = Debug|Any CPU
		{3FC5E8A7-C884-447A-BE85-448F558DFE3D}.Release|Any CPU.ActiveCfg = Release|Any CPU
		{3FC5E8A7-C884-447A-BE85-448F558DFE3D}.Release|Any CPU.Build.0 = Release|Any CPU
	EndGlobalSection
	GlobalSection(SolutionProperties) = preSolution
		HideSolutionNode = FALSE
	EndGlobalSection
	GlobalSection(ExtensibilityGlobals) = postSolution
		SolutionGuid = {F140FA5B-F319-43B6-871D-99AAA3A08A95}
	EndGlobalSection
EndGlobal
