
Microsoft Visual Studio Solution File, Format Version 12.00
# Visual Studio Version 17
VisualStudioVersion = 17.4.33205.214
MinimumVisualStudioVersion = 10.0.40219.1
Project("{FAE04EC0-301F-11D3-BF4B-00C04F79EFBC}") = "Practice_2", "Practice_2\Practice_2.csproj", "{5B03FF33-CF2E-4297-B560-BBA43BCFBDB1}"
EndProject
Global
	GlobalSection(SolutionConfigurationPlatforms) = preSolution
		Debug|Any CPU = Debug|Any CPU
		Release|Any CPU = Release|Any CPU
	EndGlobalSection
	GlobalSection(ProjectConfigurationPlatforms) = postSolution
		{5B03FF33-CF2E-4297-B560-BBA43BCFBDB1}.Debug|Any CPU.ActiveCfg = Debug|Any CPU
		{5B03FF33-CF2E-4297-B560-BBA43BCFBDB1}.Debug|Any CPU.Build.0 = Debug|Any CPU
		{5B03FF33-CF2E-4297-B560-BBA43BCFBDB1}.Release|Any CPU.ActiveCfg = Release|Any CPU
		{5B03FF33-CF2E-4297-B560-BBA43BCFBDB1}.Release|Any CPU.Build.0 = Release|Any CPU
	EndGlobalSection
	GlobalSection(SolutionProperties) = preSolution
		HideSolutionNode = FALSE
	EndGlobalSection
	GlobalSection(ExtensibilityGlobals) = postSolution
		SolutionGuid = {C289D8DA-8429-4F15-915E-D0CB6B2A2920}
	EndGlobalSection
EndGlobal
