
Microsoft Visual Studio Solution File, Format Version 12.00
# Visual Studio Version 17
VisualStudioVersion = 17.3.32929.385
MinimumVisualStudioVersion = 10.0.40219.1
Project("{FAE04EC0-301F-11D3-BF4B-00C04F79EFBC}") = "Practice_4", "Practice_4\Practice_4.csproj", "{DECB98AD-133E-4689-8C66-E3F6F71527C4}"
EndProject
Global
	GlobalSection(SolutionConfigurationPlatforms) = preSolution
		Debug|Any CPU = Debug|Any CPU
		Release|Any CPU = Release|Any CPU
	EndGlobalSection
	GlobalSection(ProjectConfigurationPlatforms) = postSolution
		{DECB98AD-133E-4689-8C66-E3F6F71527C4}.Debug|Any CPU.ActiveCfg = Debug|Any CPU
		{DECB98AD-133E-4689-8C66-E3F6F71527C4}.Debug|Any CPU.Build.0 = Debug|Any CPU
		{DECB98AD-133E-4689-8C66-E3F6F71527C4}.Release|Any CPU.ActiveCfg = Release|Any CPU
		{DECB98AD-133E-4689-8C66-E3F6F71527C4}.Release|Any CPU.Build.0 = Release|Any CPU
	EndGlobalSection
	GlobalSection(SolutionProperties) = preSolution
		HideSolutionNode = FALSE
	EndGlobalSection
	GlobalSection(ExtensibilityGlobals) = postSolution
		SolutionGuid = {F7A586D6-232D-4201-9447-4B6EE4F4EA49}
	EndGlobalSection
EndGlobal
