
Microsoft Visual Studio Solution File, Format Version 12.00
# Visual Studio Version 17
VisualStudioVersion = 17.3.32929.385
MinimumVisualStudioVersion = 10.0.40219.1
Project("{FAE04EC0-301F-11D3-BF4B-00C04F79EFBC}") = "Practice_5", "Practice_5\Practice_5.csproj", "{6C6696D3-7B60-46C8-A519-BEB458D5FADB}"
EndProject
Global
	GlobalSection(SolutionConfigurationPlatforms) = preSolution
		Debug|Any CPU = Debug|Any CPU
		Release|Any CPU = Release|Any CPU
	EndGlobalSection
	GlobalSection(ProjectConfigurationPlatforms) = postSolution
		{6C6696D3-7B60-46C8-A519-BEB458D5FADB}.Debug|Any CPU.ActiveCfg = Debug|Any CPU
		{6C6696D3-7B60-46C8-A519-BEB458D5FADB}.Debug|Any CPU.Build.0 = Debug|Any CPU
		{6C6696D3-7B60-46C8-A519-BEB458D5FADB}.Release|Any CPU.ActiveCfg = Release|Any CPU
		{6C6696D3-7B60-46C8-A519-BEB458D5FADB}.Release|Any CPU.Build.0 = Release|Any CPU
	EndGlobalSection
	GlobalSection(SolutionProperties) = preSolution
		HideSolutionNode = FALSE
	EndGlobalSection
	GlobalSection(ExtensibilityGlobals) = postSolution
		SolutionGuid = {6ABF06CA-173D-48CB-BF9A-096F741B154F}
	EndGlobalSection
EndGlobal
