
Microsoft Visual Studio Solution File, Format Version 12.00
# Visual Studio Version 17
VisualStudioVersion = 17.4.33103.184
MinimumVisualStudioVersion = 10.0.40219.1
Project("{FAE04EC0-301F-11D3-BF4B-00C04F79EFBC}") = "Practice_1", "Practice_1\Practice_1.csproj", "{181B8226-FB4E-440A-95B7-428A2F0518F8}"
EndProject
Global
	GlobalSection(SolutionConfigurationPlatforms) = preSolution
		Debug|Any CPU = Debug|Any CPU
		Release|Any CPU = Release|Any CPU
	EndGlobalSection
	GlobalSection(ProjectConfigurationPlatforms) = postSolution
		{181B8226-FB4E-440A-95B7-428A2F0518F8}.Debug|Any CPU.ActiveCfg = Debug|Any CPU
		{181B8226-FB4E-440A-95B7-428A2F0518F8}.Debug|Any CPU.Build.0 = Debug|Any CPU
		{181B8226-FB4E-440A-95B7-428A2F0518F8}.Release|Any CPU.ActiveCfg = Release|Any CPU
		{181B8226-FB4E-440A-95B7-428A2F0518F8}.Release|Any CPU.Build.0 = Release|Any CPU
	EndGlobalSection
	GlobalSection(SolutionProperties) = preSolution
		HideSolutionNode = FALSE
	EndGlobalSection
	GlobalSection(ExtensibilityGlobals) = postSolution
		SolutionGuid = {3F5DDAF5-70E1-43BB-BAE2-97C1FB500E8A}
	EndGlobalSection
EndGlobal
