
Microsoft Visual Studio Solution File, Format Version 12.00
# Visual Studio Version 17
VisualStudioVersion = 17.3.32929.385
MinimumVisualStudioVersion = 10.0.40219.1
Project("{FAE04EC0-301F-11D3-BF4B-00C04F79EFBC}") = "Practice_1", "Practice_1\Practice_1.csproj", "{110C2439-FC61-4038-9D80-282B4697AE36}"
EndProject
Global
	GlobalSection(SolutionConfigurationPlatforms) = preSolution
		Debug|Any CPU = Debug|Any CPU
		Release|Any CPU = Release|Any CPU
	EndGlobalSection
	GlobalSection(ProjectConfigurationPlatforms) = postSolution
		{110C2439-FC61-4038-9D80-282B4697AE36}.Debug|Any CPU.ActiveCfg = Debug|Any CPU
		{110C2439-FC61-4038-9D80-282B4697AE36}.Debug|Any CPU.Build.0 = Debug|Any CPU
		{110C2439-FC61-4038-9D80-282B4697AE36}.Release|Any CPU.ActiveCfg = Release|Any CPU
		{110C2439-FC61-4038-9D80-282B4697AE36}.Release|Any CPU.Build.0 = Release|Any CPU
	EndGlobalSection
	GlobalSection(SolutionProperties) = preSolution
		HideSolutionNode = FALSE
	EndGlobalSection
	GlobalSection(ExtensibilityGlobals) = postSolution
		SolutionGuid = {FEDF69EA-E310-41F0-B5C0-1FEE52C81B5F}
	EndGlobalSection
EndGlobal
